
Microsoft Visual Studio Solution File, Format Version 12.00
# Visual Studio Version 17
VisualStudioVersion = 17.11.35222.181
MinimumVisualStudioVersion = 10.0.40219.1
Project("{FAE04EC0-301F-11D3-BF4B-00C04F79EFBC}") = "記帳本", "記帳本\記帳本.csproj", "{3C5A2570-BAB8-40DB-BDFF-133831E9F164}"
EndProject
Global
	GlobalSection(SolutionConfigurationPlatforms) = preSolution
		Debug|Any CPU = Debug|Any CPU
		Release|Any CPU = Release|Any CPU
	EndGlobalSection
	GlobalSection(ProjectConfigurationPlatforms) = postSolution
		{3C5A2570-BAB8-40DB-BDFF-133831E9F164}.Debug|Any CPU.ActiveCfg = Debug|Any CPU
		{3C5A2570-BAB8-40DB-BDFF-133831E9F164}.Debug|Any CPU.Build.0 = Debug|Any CPU
		{3C5A2570-BAB8-40DB-BDFF-133831E9F164}.Release|Any CPU.ActiveCfg = Release|Any CPU
		{3C5A2570-BAB8-40DB-BDFF-133831E9F164}.Release|Any CPU.Build.0 = Release|Any CPU
	EndGlobalSection
	GlobalSection(SolutionProperties) = preSolution
		HideSolutionNode = FALSE
	EndGlobalSection
	GlobalSection(ExtensibilityGlobals) = postSolution
		SolutionGuid = {944FC6E1-870F-4744-808C-D81618508FE2}
	EndGlobalSection
EndGlobal
